{
  "name": "@shianjeng/repo-doctor",
  "version": "0.4.0",
  "lockfileVersion": 3,
  "requires": true,
  "packages": {
    "": {
      "name": "@shianjeng/repo-doctor",
      "version": "0.4.0",
      "license": "MIT",
      "bin": {
        "repo-doctor": "bin/repo-doctor.js"
      },
      "engines": {
        "node": ">=22"
      }
    }
  }
}
